
Microsoft Visual Studio Solution File, Format Version 12.00
# Visual Studio Version 17
VisualStudioVersion = 17.9.34728.123
MinimumVisualStudioVersion = 10.0.40219.1
Project("{9A19103F-16F7-4668-BE54-9A1E7A4F7556}") = "Proyecto-PNT1", "Proyecto-PNT1\Proyecto-PNT1.csproj", "{97B06ADD-6C58-4CD0-A9DC-835AB1073AA2}"
EndProject
Project("{9A19103F-16F7-4668-BE54-9A1E7A4F7556}") = "ConnectWordkMVC", "..\ConnectWordkMVC\ConnectWordkMVC\ConnectWordkMVC.csproj", "{052B8B65-C3CD-405F-A95C-4F6A00BF32D4}"
EndProject
Global
	GlobalSection(SolutionConfigurationPlatforms) = preSolution
		Debug|Any CPU = Debug|Any CPU
		Release|Any CPU = Release|Any CPU
	EndGlobalSection
	GlobalSection(ProjectConfigurationPlatforms) = postSolution
		{97B06ADD-6C58-4CD0-A9DC-835AB1073AA2}.Debug|Any CPU.ActiveCfg = Debug|Any CPU
		{97B06ADD-6C58-4CD0-A9DC-835AB1073AA2}.Debug|Any CPU.Build.0 = Debug|Any CPU
		{97B06ADD-6C58-4CD0-A9DC-835AB1073AA2}.Release|Any CPU.ActiveCfg = Release|Any CPU
		{97B06ADD-6C58-4CD0-A9DC-835AB1073AA2}.Release|Any CPU.Build.0 = Release|Any CPU
		{052B8B65-C3CD-405F-A95C-4F6A00BF32D4}.Debug|Any CPU.ActiveCfg = Debug|Any CPU
		{052B8B65-C3CD-405F-A95C-4F6A00BF32D4}.Debug|Any CPU.Build.0 = Debug|Any CPU
		{052B8B65-C3CD-405F-A95C-4F6A00BF32D4}.Release|Any CPU.ActiveCfg = Release|Any CPU
		{052B8B65-C3CD-405F-A95C-4F6A00BF32D4}.Release|Any CPU.Build.0 = Release|Any CPU
	EndGlobalSection
	GlobalSection(SolutionProperties) = preSolution
		HideSolutionNode = FALSE
	EndGlobalSection
	GlobalSection(ExtensibilityGlobals) = postSolution
		SolutionGuid = {012F892B-68F2-4E91-92D3-506F6CB54B90}
	EndGlobalSection
EndGlobal
